
Microsoft Visual Studio Solution File, Format Version 12.00
# Visual Studio Version 16
VisualStudioVersion = 16.0.30711.63
MinimumVisualStudioVersion = 10.0.40219.1
Project("{FAE04EC0-301F-11D3-BF4B-00C04F79EFBC}") = "MyFridgeList-Webapi", "MyFridgeList-Webapi.csproj", "{FC12C684-C2F1-4929-A836-16EC63B73F02}"
EndProject
Global
	GlobalSection(SolutionConfigurationPlatforms) = preSolution
		Debug|Any CPU = Debug|Any CPU
		Release|Any CPU = Release|Any CPU
	EndGlobalSection
	GlobalSection(ProjectConfigurationPlatforms) = postSolution
		{FC12C684-C2F1-4929-A836-16EC63B73F02}.Debug|Any CPU.ActiveCfg = Debug|Any CPU
		{FC12C684-C2F1-4929-A836-16EC63B73F02}.Debug|Any CPU.Build.0 = Debug|Any CPU
		{FC12C684-C2F1-4929-A836-16EC63B73F02}.Release|Any CPU.ActiveCfg = Release|Any CPU
		{FC12C684-C2F1-4929-A836-16EC63B73F02}.Release|Any CPU.Build.0 = Release|Any CPU
	EndGlobalSection
	GlobalSection(SolutionProperties) = preSolution
		HideSolutionNode = FALSE
	EndGlobalSection
	GlobalSection(ExtensibilityGlobals) = postSolution
		SolutionGuid = {C3D37661-3938-4817-8FB0-B12176909C0E}
	EndGlobalSection
EndGlobal
